
Microsoft Visual Studio Solution File, Format Version 12.00
# Visual Studio Version 16
VisualStudioVersion = 16.0.31205.134
MinimumVisualStudioVersion = 10.0.40219.1
Project("{FAE04EC0-301F-11D3-BF4B-00C04F79EFBC}") = "ConsoleFirstApp", "ConsoleFirstApp\ConsoleFirstApp.csproj", "{97B0307F-84D4-4CA5-AEE1-794A26A69552}"
EndProject
Project("{FAE04EC0-301F-11D3-BF4B-00C04F79EFBC}") = "InheritTest", "InheritTest\InheritTest.csproj", "{2C001D0C-3610-4328-9E52-83416FE56CEE}"
EndProject
Global
	GlobalSection(SolutionConfigurationPlatforms) = preSolution
		Debug|Any CPU = Debug|Any CPU
		Release|Any CPU = Release|Any CPU
	EndGlobalSection
	GlobalSection(ProjectConfigurationPlatforms) = postSolution
		{97B0307F-84D4-4CA5-AEE1-794A26A69552}.Debug|Any CPU.ActiveCfg = Debug|Any CPU
		{97B0307F-84D4-4CA5-AEE1-794A26A69552}.Debug|Any CPU.Build.0 = Debug|Any CPU
		{97B0307F-84D4-4CA5-AEE1-794A26A69552}.Release|Any CPU.ActiveCfg = Release|Any CPU
		{97B0307F-84D4-4CA5-AEE1-794A26A69552}.Release|Any CPU.Build.0 = Release|Any CPU
		{2C001D0C-3610-4328-9E52-83416FE56CEE}.Debug|Any CPU.ActiveCfg = Debug|Any CPU
		{2C001D0C-3610-4328-9E52-83416FE56CEE}.Debug|Any CPU.Build.0 = Debug|Any CPU
		{2C001D0C-3610-4328-9E52-83416FE56CEE}.Release|Any CPU.ActiveCfg = Release|Any CPU
		{2C001D0C-3610-4328-9E52-83416FE56CEE}.Release|Any CPU.Build.0 = Release|Any CPU
	EndGlobalSection
	GlobalSection(SolutionProperties) = preSolution
		HideSolutionNode = FALSE
	EndGlobalSection
	GlobalSection(ExtensibilityGlobals) = postSolution
		SolutionGuid = {5385E9B4-EBE4-4C5B-AAA2-66AEF09C8172}
	EndGlobalSection
EndGlobal
