
Microsoft Visual Studio Solution File, Format Version 12.00
# Visual Studio Version 16
VisualStudioVersion = 16.0.31205.134
MinimumVisualStudioVersion = 10.0.40219.1
Project("{FAE04EC0-301F-11D3-BF4B-00C04F79EFBC}") = "TEST 5", "TEST 5\TEST 5.csproj", "{55239E69-D51D-4FE0-AB4D-971480E26107}"
EndProject
Global
	GlobalSection(SolutionConfigurationPlatforms) = preSolution
		Debug|Any CPU = Debug|Any CPU
		Release|Any CPU = Release|Any CPU
	EndGlobalSection
	GlobalSection(ProjectConfigurationPlatforms) = postSolution
		{55239E69-D51D-4FE0-AB4D-971480E26107}.Debug|Any CPU.ActiveCfg = Debug|Any CPU
		{55239E69-D51D-4FE0-AB4D-971480E26107}.Debug|Any CPU.Build.0 = Debug|Any CPU
		{55239E69-D51D-4FE0-AB4D-971480E26107}.Release|Any CPU.ActiveCfg = Release|Any CPU
		{55239E69-D51D-4FE0-AB4D-971480E26107}.Release|Any CPU.Build.0 = Release|Any CPU
	EndGlobalSection
	GlobalSection(SolutionProperties) = preSolution
		HideSolutionNode = FALSE
	EndGlobalSection
	GlobalSection(ExtensibilityGlobals) = postSolution
		SolutionGuid = {EF8F8758-93A4-49CC-98A4-53F3B1177C04}
	EndGlobalSection
EndGlobal
